// !$*UTF8*$!
{
	archiveVersion = 1;
	classes = {
	};
	objectVersion = 56;
	objects = {

/* Begin PBXBuildFile section */
		16F5D018291AD91C00476D03 /* AppDelegate.swift in Sources */ = {isa = PBXBuildFile; fileRef = 16F5D017291AD91C00476D03 /* AppDelegate.swift */; };
		16F5D01C291AD91D00476D03 /* Actions.sks in Resources */ = {isa = PBXBuildFile; fileRef = 16F5D01B291AD91D00476D03 /* Actions.sks */; };
		16F5D01E291AD91D00476D03 /* GameScene.swift in Sources */ = {isa = PBXBuildFile; fileRef = 16F5D01D291AD91D00476D03 /* GameScene.swift */; };
		16F5D020291AD91D00476D03 /* GameViewController.swift in Sources */ = {isa = PBXBuildFile; fileRef = 16F5D01F291AD91D00476D03 /* GameViewController.swift */; };
		16F5D023291AD91D00476D03 /* Main.storyboard in Resources */ = {isa = PBXBuildFile; fileRef = 16F5D021291AD91D00476D03 /* Main.storyboard */; };
		16F5D025291AD92000476D03 /* Assets.xcassets in Resources */ = {isa = PBXBuildFile; fileRef = 16F5D024291AD92000476D03 /* Assets.xcassets */; };
		16F5D028291AD92000476D03 /* LaunchScreen.storyboard in Resources */ = {isa = PBXBuildFile; fileRef = 16F5D026291AD92000476D03 /* LaunchScreen.storyboard */; };
		16F5D031291ADBB500476D03 /* StartGameScene.swift in Sources */ = {isa = PBXBuildFile; fileRef = 16F5D030291ADBB500476D03 /* StartGameScene.swift */; };
		16F5D033291ADEBA00476D03 /* Invader.swift in Sources */ = {isa = PBXBuildFile; fileRef = 16F5D032291ADEBA00476D03 /* Invader.swift */; };
		16F5D035291ADF0400476D03 /* Player.swift in Sources */ = {isa = PBXBuildFile; fileRef = 16F5D034291ADF0400476D03 /* Player.swift */; };
		16F5D037291AF6AF00476D03 /* Bullet.swift in Sources */ = {isa = PBXBuildFile; fileRef = 16F5D036291AF6AF00476D03 /* Bullet.swift */; };
		16F5D039291AF70B00476D03 /* InvaderBullet.swift in Sources */ = {isa = PBXBuildFile; fileRef = 16F5D038291AF70B00476D03 /* InvaderBullet.swift */; };
		16F5D03B291AF72000476D03 /* PlayerBullet.swift in Sources */ = {isa = PBXBuildFile; fileRef = 16F5D03A291AF72000476D03 /* PlayerBullet.swift */; };
		16F5D03D291C28BD00476D03 /* CollisionCategories.swift in Sources */ = {isa = PBXBuildFile; fileRef = 16F5D03C291C28BD00476D03 /* CollisionCategories.swift */; };
		16F5D03F291C2EC500476D03 /* LevelCompleteScene.swift in Sources */ = {isa = PBXBuildFile; fileRef = 16F5D03E291C2EC500476D03 /* LevelCompleteScene.swift */; };
/* End PBXBuildFile section */

/* Begin PBXFileReference section */
		16F5D014291AD91C00476D03 /* Space Destroyers.app */ = {isa = PBXFileReference; explicitFileType = wrapper.application; includeInIndex = 0; path = "Space Destroyers.app"; sourceTree = BUILT_PRODUCTS_DIR; };
		16F5D017291AD91C00476D03 /* AppDelegate.swift */ = {isa = PBXFileReference; lastKnownFileType = sourcecode.swift; path = AppDelegate.swift; sourceTree = "<group>"; };
		16F5D01B291AD91D00476D03 /* Actions.sks */ = {isa = PBXFileReference; lastKnownFileType = file.sks; path = Actions.sks; sourceTree = "<group>"; };
		16F5D01D291AD91D00476D03 /* GameScene.swift */ = {isa = PBXFileReference; lastKnownFileType = sourcecode.swift; path = GameScene.swift; sourceTree = "<group>"; };
		16F5D01F291AD91D00476D03 /* GameViewController.swift */ = {isa = PBXFileReference; lastKnownFileType = sourcecode.swift; path = GameViewController.swift; sourceTree = "<group>"; };
		16F5D022291AD91D00476D03 /* Base */ = {isa = PBXFileReference; lastKnownFileType = file.storyboard; name = Base; path = Base.lproj/Main.storyboard; sourceTree = "<group>"; };
		16F5D024291AD92000476D03 /* Assets.xcassets */ = {isa = PBXFileReference; lastKnownFileType = folder.assetcatalog; path = Assets.xcassets; sourceTree = "<group>"; };
		16F5D027291AD92000476D03 /* Base */ = {isa = PBXFileReference; lastKnownFileType = file.storyboard; name = Base; path = Base.lproj/LaunchScreen.storyboard; sourceTree = "<group>"; };
		16F5D030291ADBB500476D03 /* StartGameScene.swift */ = {isa = PBXFileReference; lastKnownFileType = sourcecode.swift; path = StartGameScene.swift; sourceTree = "<group>"; };
		16F5D032291ADEBA00476D03 /* Invader.swift */ = {isa = PBXFileReference; lastKnownFileType = sourcecode.swift; path = Invader.swift; sourceTree = "<group>"; };
		16F5D034291ADF0400476D03 /* Player.swift */ = {isa = PBXFileReference; lastKnownFileType = sourcecode.swift; path = Player.swift; sourceTree = "<group>"; };
		16F5D036291AF6AF00476D03 /* Bullet.swift */ = {isa = PBXFileReference; lastKnownFileType = sourcecode.swift; path = Bullet.swift; sourceTree = "<group>"; };
		16F5D038291AF70B00476D03 /* InvaderBullet.swift */ = {isa = PBXFileReference; lastKnownFileType = sourcecode.swift; path = InvaderBullet.swift; sourceTree = "<group>"; };
		16F5D03A291AF72000476D03 /* PlayerBullet.swift */ = {isa = PBXFileReference; lastKnownFileType = sourcecode.swift; path = PlayerBullet.swift; sourceTree = "<group>"; };
		16F5D03C291C28BD00476D03 /* CollisionCategories.swift */ = {isa = PBXFileReference; lastKnownFileType = sourcecode.swift; path = CollisionCategories.swift; sourceTree = "<group>"; };
		16F5D03E291C2EC500476D03 /* LevelCompleteScene.swift */ = {isa = PBXFileReference; lastKnownFileType = sourcecode.swift; path = LevelCompleteScene.swift; sourceTree = "<group>"; };
/* End PBXFileReference section */

/* Begin PBXFrameworksBuildPhase section */
		16F5D011291AD91C00476D03 /* Frameworks */ = {
			isa = PBXFrameworksBuildPhase;
			buildActionMask = 2147483647;
			files = (
			);
			runOnlyForDeploymentPostprocessing = 0;
		};
/* End PBXFrameworksBuildPhase section */

/* Begin PBXGroup section */
		16F5D00B291AD91C00476D03 = {
			isa = PBXGroup;
			children = (
				16F5D016291AD91C00476D03 /* Space Destroyers */,
				16F5D015291AD91C00476D03 /* Products */,
			);
			sourceTree = "<group>";
		};
		16F5D015291AD91C00476D03 /* Products */ = {
			isa = PBXGroup;
			children = (
				16F5D014291AD91C00476D03 /* Space Destroyers.app */,
			);
			name = Products;
			sourceTree = "<group>";
		};
		16F5D016291AD91C00476D03 /* Space Destroyers */ = {
			isa = PBXGroup;
			children = (
				16F5D02F291ADA7B00476D03 /* Models */,
				16F5D017291AD91C00476D03 /* AppDelegate.swift */,
				16F5D01B291AD91D00476D03 /* Actions.sks */,
				16F5D02E291ADA4100476D03 /* Scenes */,
				16F5D01F291AD91D00476D03 /* GameViewController.swift */,
				16F5D021291AD91D00476D03 /* Main.storyboard */,
				16F5D024291AD92000476D03 /* Assets.xcassets */,
				16F5D026291AD92000476D03 /* LaunchScreen.storyboard */,
			);
			path = "Space Destroyers";
			sourceTree = "<group>";
		};
		16F5D02E291ADA4100476D03 /* Scenes */ = {
			isa = PBXGroup;
			children = (
				16F5D01D291AD91D00476D03 /* GameScene.swift */,
				16F5D030291ADBB500476D03 /* StartGameScene.swift */,
				16F5D03E291C2EC500476D03 /* LevelCompleteScene.swift */,
			);
			path = Scenes;
			sourceTree = "<group>";
		};
		16F5D02F291ADA7B00476D03 /* Models */ = {
			isa = PBXGroup;
			children = (
				16F5D032291ADEBA00476D03 /* Invader.swift */,
				16F5D034291ADF0400476D03 /* Player.swift */,
				16F5D036291AF6AF00476D03 /* Bullet.swift */,
				16F5D038291AF70B00476D03 /* InvaderBullet.swift */,
				16F5D03A291AF72000476D03 /* PlayerBullet.swift */,
				16F5D03C291C28BD00476D03 /* CollisionCategories.swift */,
			);
			path = Models;
			sourceTree = "<group>";
		};
/* End PBXGroup section */

/* Begin PBXNativeTarget section */
		16F5D013291AD91C00476D03 /* Space Destroyers */ = {
			isa = PBXNativeTarget;
			buildConfigurationList = 16F5D02B291AD92000476D03 /* Build configuration list for PBXNativeTarget "Space Destroyers" */;
			buildPhases = (
				16F5D010291AD91C00476D03 /* Sources */,
				16F5D011291AD91C00476D03 /* Frameworks */,
				16F5D012291AD91C00476D03 /* Resources */,
			);
			buildRules = (
			);
			dependencies = (
			);
			name = "Space Destroyers";
			productName = "Space Destroyers";
			productReference = 16F5D014291AD91C00476D03 /* Space Destroyers.app */;
			productType = "com.apple.product-type.application";
		};
/* End PBXNativeTarget section */

/* Begin PBXProject section */
		16F5D00C291AD91C00476D03 /* Project object */ = {
			isa = PBXProject;
			attributes = {
				BuildIndependentTargetsInParallel = 1;
				LastSwiftUpdateCheck = 1400;
				LastUpgradeCheck = 1400;
				TargetAttributes = {
					16F5D013291AD91C00476D03 = {
						CreatedOnToolsVersion = 14.0.1;
					};
				};
			};
			buildConfigurationList = 16F5D00F291AD91C00476D03 /* Build configuration list for PBXProject "Space Destroyers" */;
			compatibilityVersion = "Xcode 14.0";
			developmentRegion = en;
			hasScannedForEncodings = 0;
			knownRegions = (
				en,
				Base,
			);
			mainGroup = 16F5D00B291AD91C00476D03;
			productRefGroup = 16F5D015291AD91C00476D03 /* Products */;
			projectDirPath = "";
			projectRoot = "";
			targets = (
				16F5D013291AD91C00476D03 /* Space Destroyers */,
			);
		};
/* End PBXProject section */

/* Begin PBXResourcesBuildPhase section */
		16F5D012291AD91C00476D03 /* Resources */ = {
			isa = PBXResourcesBuildPhase;
			buildActionMask = 2147483647;
			files = (
				16F5D023291AD91D00476D03 /* Main.storyboard in Resources */,
				16F5D025291AD92000476D03 /* Assets.xcassets in Resources */,
				16F5D028291AD92000476D03 /* LaunchScreen.storyboard in Resources */,
				16F5D01C291AD91D00476D03 /* Actions.sks in Resources */,
			);
			runOnlyForDeploymentPostprocessing = 0;
		};
/* End PBXResourcesBuildPhase section */

/* Begin PBXSourcesBuildPhase section */
		16F5D010291AD91C00476D03 /* Sources */ = {
			isa = PBXSourcesBuildPhase;
			buildActionMask = 2147483647;
			files = (
				16F5D03B291AF72000476D03 /* PlayerBullet.swift in Sources */,
				16F5D01E291AD91D00476D03 /* GameScene.swift in Sources */,
				16F5D031291ADBB500476D03 /* StartGameScene.swift in Sources */,
				16F5D03F291C2EC500476D03 /* LevelCompleteScene.swift in Sources */,
				16F5D033291ADEBA00476D03 /* Invader.swift in Sources */,
				16F5D03D291C28BD00476D03 /* CollisionCategories.swift in Sources */,
				16F5D037291AF6AF00476D03 /* Bullet.swift in Sources */,
				16F5D020291AD91D00476D03 /* GameViewController.swift in Sources */,
				16F5D035291ADF0400476D03 /* Player.swift in Sources */,
				16F5D018291AD91C00476D03 /* AppDelegate.swift in Sources */,
				16F5D039291AF70B00476D03 /* InvaderBullet.swift in Sources */,
			);
			runOnlyForDeploymentPostprocessing = 0;
		};
/* End PBXSourcesBuildPhase section */

/* Begin PBXVariantGroup section */
		16F5D021291AD91D00476D03 /* Main.storyboard */ = {
			isa = PBXVariantGroup;
			children = (
				16F5D022291AD91D00476D03 /* Base */,
			);
			name = Main.storyboard;
			sourceTree = "<group>";
		};
		16F5D026291AD92000476D03 /* LaunchScreen.storyboard */ = {
			isa = PBXVariantGroup;
			children = (
				16F5D027291AD92000476D03 /* Base */,
			);
			name = LaunchScreen.storyboard;
			sourceTree = "<group>";
		};
/* End PBXVariantGroup section */

/* Begin XCBuildConfiguration section */
		16F5D029291AD92000476D03 /* Debug */ = {
			isa = XCBuildConfiguration;
			buildSettings = {
				ALWAYS_SEARCH_USER_PATHS = NO;
				CLANG_ANALYZER_NONNULL = YES;
				CLANG_ANALYZER_NUMBER_OBJECT_CONVERSION = YES_AGGRESSIVE;
				CLANG_CXX_LANGUAGE_STANDARD = "gnu++20";
				CLANG_ENABLE_MODULES = YES;
				CLANG_ENABLE_OBJC_ARC = YES;
				CLANG_ENABLE_OBJC_WEAK = YES;
				CLANG_WARN_BLOCK_CAPTURE_AUTORELEASING = YES;
				CLANG_WARN_BOOL_CONVERSION = YES;
				CLANG_WARN_COMMA = YES;
				CLANG_WARN_CONSTANT_CONVERSION = YES;
				CLANG_WARN_DEPRECATED_OBJC_IMPLEMENTATIONS = YES;
				CLANG_WARN_DIRECT_OBJC_ISA_USAGE = YES_ERROR;
				CLANG_WARN_DOCUMENTATION_COMMENTS = YES;
				CLANG_WARN_EMPTY_BODY = YES;
				CLANG_WARN_ENUM_CONVERSION = YES;
				CLANG_WARN_INFINITE_RECURSION = YES;
				CLANG_WARN_INT_CONVERSION = YES;
				CLANG_WARN_NON_LITERAL_NULL_CONVERSION = YES;
				CLANG_WARN_OBJC_IMPLICIT_RETAIN_SELF = YES;
				CLANG_WARN_OBJC_LITERAL_CONVERSION = YES;
				CLANG_WARN_OBJC_ROOT_CLASS = YES_ERROR;
				CLANG_WARN_QUOTED_INCLUDE_IN_FRAMEWORK_HEADER = YES;
				CLANG_WARN_RANGE_LOOP_ANALYSIS = YES;
				CLANG_WARN_STRICT_PROTOTYPES = YES;
				CLANG_WARN_SUSPICIOUS_MOVE = YES;
				CLANG_WARN_UNGUARDED_AVAILABILITY = YES_AGGRESSIVE;
				CLANG_WARN_UNREACHABLE_CODE = YES;
				CLANG_WARN__DUPLICATE_METHOD_MATCH = YES;
				COPY_PHASE_STRIP = NO;
				DEBUG_INFORMATION_FORMAT = dwarf;
				ENABLE_STRICT_OBJC_MSGSEND = YES;
				ENABLE_TESTABILITY = YES;
				GCC_C_LANGUAGE_STANDARD = gnu11;
				GCC_DYNAMIC_NO_PIC = NO;
				GCC_NO_COMMON_BLOCKS = YES;
				GCC_OPTIMIZATION_LEVEL = 0;
				GCC_PREPROCESSOR_DEFINITIONS = (
					"DEBUG=1",
					"$(inherited)",
				);
				GCC_WARN_64_TO_32_BIT_CONVERSION = YES;
				GCC_WARN_ABOUT_RETURN_TYPE = YES_ERROR;
				GCC_WARN_UNDECLARED_SELECTOR = YES;
				GCC_WARN_UNINITIALIZED_AUTOS = YES_AGGRESSIVE;
				GCC_WARN_UNUSED_FUNCTION = YES;
				GCC_WARN_UNUSED_VARIABLE = YES;
				IPHONEOS_DEPLOYMENT_TARGET = 16.0;
				MTL_ENABLE_DEBUG_INFO = INCLUDE_SOURCE;
				MTL_FAST_MATH = YES;
				ONLY_ACTIVE_ARCH = YES;
				SDKROOT = iphoneos;
				SWIFT_ACTIVE_COMPILATION_CONDITIONS = DEBUG;
				SWIFT_OPTIMIZATION_LEVEL = "-Onone";
			};
			name = Debug;
		};
		16F5D02A291AD92000476D03 /* Release */ = {
			isa = XCBuildConfiguration;
			buildSettings = {
				ALWAYS_SEARCH_USER_PATHS = NO;
				CLANG_ANALYZER_NONNULL = YES;
				CLANG_ANALYZER_NUMBER_OBJECT_CONVERSION = YES_AGGRESSIVE;
				CLANG_CXX_LANGUAGE_STANDARD = "gnu++20";
				CLANG_ENABLE_MODULES = YES;
				CLANG_ENABLE_OBJC_ARC = YES;
				CLANG_ENABLE_OBJC_WEAK = YES;
				CLANG_WARN_BLOCK_CAPTURE_AUTORELEASING = YES;
				CLANG_WARN_BOOL_CONVERSION = YES;
				CLANG_WARN_COMMA = YES;
				CLANG_WARN_CONSTANT_CONVERSION = YES;
				CLANG_WARN_DEPRECATED_OBJC_IMPLEMENTATIONS = YES;
				CLANG_WARN_DIRECT_OBJC_ISA_USAGE = YES_ERROR;
				CLANG_WARN_DOCUMENTATION_COMMENTS = YES;
				CLANG_WARN_EMPTY_BODY = YES;
				CLANG_WARN_ENUM_CONVERSION = YES;
				CLANG_WARN_INFINITE_RECURSION = YES;
				CLANG_WARN_INT_CONVERSION = YES;
				CLANG_WARN_NON_LITERAL_NULL_CONVERSION = YES;
				CLANG_WARN_OBJC_IMPLICIT_RETAIN_SELF = YES;
				CLANG_WARN_OBJC_LITERAL_CONVERSION = YES;
				CLANG_WARN_OBJC_ROOT_CLASS = YES_ERROR;
				CLANG_WARN_QUOTED_INCLUDE_IN_FRAMEWORK_HEADER = YES;
				CLANG_WARN_RANGE_LOOP_ANALYSIS = YES;
				CLANG_WARN_STRICT_PROTOTYPES = YES;
				CLANG_WARN_SUSPICIOUS_MOVE = YES;
				CLANG_WARN_UNGUARDED_AVAILABILITY = YES_AGGRESSIVE;
				CLANG_WARN_UNREACHABLE_CODE = YES;
				CLANG_WARN__DUPLICATE_METHOD_MATCH = YES;
				COPY_PHASE_STRIP = NO;
				DEBUG_INFORMATION_FORMAT = "dwarf-with-dsym";
				ENABLE_NS_ASSERTIONS = NO;
				ENABLE_STRICT_OBJC_MSGSEND = YES;
				GCC_C_LANGUAGE_STANDARD = gnu11;
				GCC_NO_COMMON_BLOCKS = YES;
				GCC_WARN_64_TO_32_BIT_CONVERSION = YES;
				GCC_WARN_ABOUT_RETURN_TYPE = YES_ERROR;
				GCC_WARN_UNDECLARED_SELECTOR = YES;
				GCC_WARN_UNINITIALIZED_AUTOS = YES_AGGRESSIVE;
				GCC_WARN_UNUSED_FUNCTION = YES;
				GCC_WARN_UNUSED_VARIABLE = YES;
				IPHONEOS_DEPLOYMENT_TARGET = 16.0;
				MTL_ENABLE_DEBUG_INFO = NO;
				MTL_FAST_MATH = YES;
				SDKROOT = iphoneos;
				SWIFT_COMPILATION_MODE = wholemodule;
				SWIFT_OPTIMIZATION_LEVEL = "-O";
				VALIDATE_PRODUCT = YES;
			};
			name = Release;
		};
		16F5D02C291AD92000476D03 /* Debug */ = {
			isa = XCBuildConfiguration;
			buildSettings = {
				ASSETCATALOG_COMPILER_APPICON_NAME = AppIcon;
				ASSETCATALOG_COMPILER_GLOBAL_ACCENT_COLOR_NAME = AccentColor;
				CODE_SIGN_STYLE = Automatic;
				CURRENT_PROJECT_VERSION = 1;
				GENERATE_INFOPLIST_FILE = YES;
				INFOPLIST_KEY_UIApplicationSupportsIndirectInputEvents = YES;
				INFOPLIST_KEY_UILaunchStoryboardName = LaunchScreen;
				INFOPLIST_KEY_UIMainStoryboardFile = Main;
				INFOPLIST_KEY_UIStatusBarHidden = YES;
				INFOPLIST_KEY_UISupportedInterfaceOrientations_iPad = "UIInterfaceOrientationPortrait UIInterfaceOrientationPortraitUpsideDown UIInterfaceOrientationLandscapeLeft UIInterfaceOrientationLandscapeRight";
				INFOPLIST_KEY_UISupportedInterfaceOrientations_iPhone = "UIInterfaceOrientationPortrait UIInterfaceOrientationLandscapeLeft UIInterfaceOrientationLandscapeRight";
				LD_RUNPATH_SEARCH_PATHS = (
					"$(inherited)",
					"@executable_path/Frameworks",
				);
				MARKETING_VERSION = 1.0;
				PRODUCT_BUNDLE_IDENTIFIER = "cmu.Space-Destroyers";
				PRODUCT_NAME = "$(TARGET_NAME)";
				SWIFT_EMIT_LOC_STRINGS = YES;
				SWIFT_VERSION = 5.0;
				TARGETED_DEVICE_FAMILY = "1,2";
			};
			name = Debug;
		};
		16F5D02D291AD92000476D03 /* Release */ = {
			isa = XCBuildConfiguration;
			buildSettings = {
				ASSETCATALOG_COMPILER_APPICON_NAME = AppIcon;
				ASSETCATALOG_COMPILER_GLOBAL_ACCENT_COLOR_NAME = AccentColor;
				CODE_SIGN_STYLE = Automatic;
				CURRENT_PROJECT_VERSION = 1;
				GENERATE_INFOPLIST_FILE = YES;
				INFOPLIST_KEY_UIApplicationSupportsIndirectInputEvents = YES;
				INFOPLIST_KEY_UILaunchStoryboardName = LaunchScreen;
				INFOPLIST_KEY_UIMainStoryboardFile = Main;
				INFOPLIST_KEY_UIStatusBarHidden = YES;
				INFOPLIST_KEY_UISupportedInterfaceOrientations_iPad = "UIInterfaceOrientationPortrait UIInterfaceOrientationPortraitUpsideDown UIInterfaceOrientationLandscapeLeft UIInterfaceOrientationLandscapeRight";
				INFOPLIST_KEY_UISupportedInterfaceOrientations_iPhone = "UIInterfaceOrientationPortrait UIInterfaceOrientationLandscapeLeft UIInterfaceOrientationLandscapeRight";
				LD_RUNPATH_SEARCH_PATHS = (
					"$(inherited)",
					"@executable_path/Frameworks",
				);
				MARKETING_VERSION = 1.0;
				PRODUCT_BUNDLE_IDENTIFIER = "cmu.Space-Destroyers";
				PRODUCT_NAME = "$(TARGET_NAME)";
				SWIFT_EMIT_LOC_STRINGS = YES;
				SWIFT_VERSION = 5.0;
				TARGETED_DEVICE_FAMILY = "1,2";
			};
			name = Release;
		};
/* End XCBuildConfiguration section */

/* Begin XCConfigurationList section */
		16F5D00F291AD91C00476D03 /* Build configuration list for PBXProject "Space Destroyers" */ = {
			isa = XCConfigurationList;
			buildConfigurations = (
				16F5D029291AD92000476D03 /* Debug */,
				16F5D02A291AD92000476D03 /* Release */,
			);
			defaultConfigurationIsVisible = 0;
			defaultConfigurationName = Release;
		};
		16F5D02B291AD92000476D03 /* Build configuration list for PBXNativeTarget "Space Destroyers" */ = {
			isa = XCConfigurationList;
			buildConfigurations = (
				16F5D02C291AD92000476D03 /* Debug */,
				16F5D02D291AD92000476D03 /* Release */,
			);
			defaultConfigurationIsVisible = 0;
			defaultConfigurationName = Release;
		};
/* End XCConfigurationList section */
	};
	rootObject = 16F5D00C291AD91C00476D03 /* Project object */;
}
